
Microsoft Visual Studio Solution File, Format Version 12.00
# Visual Studio Version 17
VisualStudioVersion = 17.9.34701.34
MinimumVisualStudioVersion = 10.0.40219.1
Project("{FAE04EC0-301F-11D3-BF4B-00C04F79EFBC}") = "CarParking", "CarParking\CarParking.csproj", "{96712B06-B254-464F-A985-E30C37B87CAD}"
EndProject
Global
	GlobalSection(SolutionConfigurationPlatforms) = preSolution
		Debug|Any CPU = Debug|Any CPU
		Release|Any CPU = Release|Any CPU
	EndGlobalSection
	GlobalSection(ProjectConfigurationPlatforms) = postSolution
		{96712B06-B254-464F-A985-E30C37B87CAD}.Debug|Any CPU.ActiveCfg = Debug|Any CPU
		{96712B06-B254-464F-A985-E30C37B87CAD}.Debug|Any CPU.Build.0 = Debug|Any CPU
		{96712B06-B254-464F-A985-E30C37B87CAD}.Release|Any CPU.ActiveCfg = Release|Any CPU
		{96712B06-B254-464F-A985-E30C37B87CAD}.Release|Any CPU.Build.0 = Release|Any CPU
	EndGlobalSection
	GlobalSection(SolutionProperties) = preSolution
		HideSolutionNode = FALSE
	EndGlobalSection
	GlobalSection(ExtensibilityGlobals) = postSolution
		SolutionGuid = {1A03B827-B0F0-4147-BED4-231FDB7B7AF7}
	EndGlobalSection
EndGlobal
