
Microsoft Visual Studio Solution File, Format Version 12.00
# Visual Studio Version 17
VisualStudioVersion = 17.9.34701.34
MinimumVisualStudioVersion = 10.0.40219.1
Project("{FAE04EC0-301F-11D3-BF4B-00C04F79EFBC}") = "Threads", "Threads\Threads.csproj", "{0304C354-FE02-40D5-BA46-4F4FB03A88D1}"
EndProject
Global
	GlobalSection(SolutionConfigurationPlatforms) = preSolution
		Debug|Any CPU = Debug|Any CPU
		Release|Any CPU = Release|Any CPU
	EndGlobalSection
	GlobalSection(ProjectConfigurationPlatforms) = postSolution
		{0304C354-FE02-40D5-BA46-4F4FB03A88D1}.Debug|Any CPU.ActiveCfg = Debug|Any CPU
		{0304C354-FE02-40D5-BA46-4F4FB03A88D1}.Debug|Any CPU.Build.0 = Debug|Any CPU
		{0304C354-FE02-40D5-BA46-4F4FB03A88D1}.Release|Any CPU.ActiveCfg = Release|Any CPU
		{0304C354-FE02-40D5-BA46-4F4FB03A88D1}.Release|Any CPU.Build.0 = Release|Any CPU
	EndGlobalSection
	GlobalSection(SolutionProperties) = preSolution
		HideSolutionNode = FALSE
	EndGlobalSection
	GlobalSection(ExtensibilityGlobals) = postSolution
		SolutionGuid = {DC6E1D58-8D25-4C57-9919-F129117E9B6E}
	EndGlobalSection
EndGlobal
